
Microsoft Visual Studio Solution File, Format Version 12.00
# Visual Studio Version 16
VisualStudioVersion = 16.0.31911.196
MinimumVisualStudioVersion = 10.0.40219.1
Project("{FAE04EC0-301F-11D3-BF4B-00C04F79EFBC}") = "MovieStore", "MovieStore\MovieStore.csproj", "{7AC62C6C-3050-4F3C-8693-094CC4ED8462}"
EndProject
Global
	GlobalSection(SolutionConfigurationPlatforms) = preSolution
		Debug|Any CPU = Debug|Any CPU
		Release|Any CPU = Release|Any CPU
	EndGlobalSection
	GlobalSection(ProjectConfigurationPlatforms) = postSolution
		{7AC62C6C-3050-4F3C-8693-094CC4ED8462}.Debug|Any CPU.ActiveCfg = Debug|Any CPU
		{7AC62C6C-3050-4F3C-8693-094CC4ED8462}.Debug|Any CPU.Build.0 = Debug|Any CPU
		{7AC62C6C-3050-4F3C-8693-094CC4ED8462}.Release|Any CPU.ActiveCfg = Release|Any CPU
		{7AC62C6C-3050-4F3C-8693-094CC4ED8462}.Release|Any CPU.Build.0 = Release|Any CPU
	EndGlobalSection
	GlobalSection(SolutionProperties) = preSolution
		HideSolutionNode = FALSE
	EndGlobalSection
	GlobalSection(ExtensibilityGlobals) = postSolution
		SolutionGuid = {86EF1FEB-B1C0-476A-97A5-EC0817CFBA53}
	EndGlobalSection
EndGlobal
